github.com/kr/pty v1.1.5 h1:hyz3dwM5QLc1Rfoz4FuWJQG5BN7tc6K1MndAUnGpQr4=
github.com/kr/pty v1.1.5/go.mod h1:9r2w37qlBe7rQ6e1fg1S/9xpWHSnaqNdHD3WcMdbPDA=
github.com/nfnt/resize v0.0.0-20180221191011-83c6a9932646 h1:zYyBkD/k9seD2A7fsi6Oo2LfFZAehjjQMERAvZLEDnQ=
github.com/nfnt/resize v0.0.0-20180221191011-83c6a9932646/go.mod h1:jpp1/29i3P1S/RLdc7JQKbRpFeM1dOBd8T9ki5s+AY8=
golang.org/x/image v0.0.0-20190622003408-7e034cad6442 h1:KHkZ9SH+rcDwdj29lcYkks2agONXqNa8YkEGwGhY6Sg=
golang.org/x/image v0.0.0-20190622003408-7e034cad6442/go.mod h1:FeLwcggjj3mMvU+oOTbSwawSJRM1uh48EjtB4UJZlP0=
golang.org/x/text v0.3.0/go.mod h1:NqM8EUOU14njkJ3fqMW+pc6Ldnwhi/IjpwHt7yyuwOQ=
